
Microsoft Visual Studio Solution File, Format Version 12.00
# Visual Studio Version 17
VisualStudioVersion = 17.0.31903.59
MinimumVisualStudioVersion = 10.0.40219.1
Project("{FAE04EC0-301F-11D3-BF4B-00C04F79EFBC}") = "PublicRequestsApi.Api", "PublicRequestsApi.Api\PublicRequestsApi.Api.csproj", "{9D0BCBA2-A781-4985-A55B-31A2A78E0116}"
EndProject
Project("{FAE04EC0-301F-11D3-BF4B-00C04F79EFBC}") = "PublicRequestsApi.Application", "PublicRequestsApi.Application\PublicRequestsApi.Application.csproj", "{6F9AC1F1-6462-4359-82C2-E0E296E48A89}"
EndProject
Project("{FAE04EC0-301F-11D3-BF4B-00C04F79EFBC}") = "PublicRequestsApi.Infrastructure", "PublicRequestsApi.Infrastructure\PublicRequestsApi.Infrastructure.csproj", "{75AD777D-A0DB-4C9B-854E-D384A54FB290}"
EndProject
Global
	GlobalSection(SolutionConfigurationPlatforms) = preSolution
		Debug|Any CPU = Debug|Any CPU
		Debug|x64 = Debug|x64
		Debug|x86 = Debug|x86
		Release|Any CPU = Release|Any CPU
		Release|x64 = Release|x64
		Release|x86 = Release|x86
	EndGlobalSection
	GlobalSection(ProjectConfigurationPlatforms) = postSolution
		{9D0BCBA2-A781-4985-A55B-31A2A78E0116}.Debug|Any CPU.ActiveCfg = Debug|Any CPU
		{9D0BCBA2-A781-4985-A55B-31A2A78E0116}.Debug|Any CPU.Build.0 = Debug|Any CPU
		{9D0BCBA2-A781-4985-A55B-31A2A78E0116}.Debug|x64.ActiveCfg = Debug|Any CPU
		{9D0BCBA2-A781-4985-A55B-31A2A78E0116}.Debug|x64.Build.0 = Debug|Any CPU
		{9D0BCBA2-A781-4985-A55B-31A2A78E0116}.Debug|x86.ActiveCfg = Debug|Any CPU
		{9D0BCBA2-A781-4985-A55B-31A2A78E0116}.Debug|x86.Build.0 = Debug|Any CPU
		{9D0BCBA2-A781-4985-A55B-31A2A78E0116}.Release|Any CPU.ActiveCfg = Release|Any CPU
		{9D0BCBA2-A781-4985-A55B-31A2A78E0116}.Release|Any CPU.Build.0 = Release|Any CPU
		{9D0BCBA2-A781-4985-A55B-31A2A78E0116}.Release|x64.ActiveCfg = Release|Any CPU
		{9D0BCBA2-A781-4985-A55B-31A2A78E0116}.Release|x64.Build.0 = Release|Any CPU
		{9D0BCBA2-A781-4985-A55B-31A2A78E0116}.Release|x86.ActiveCfg = Release|Any CPU
		{9D0BCBA2-A781-4985-A55B-31A2A78E0116}.Release|x86.Build.0 = Release|Any CPU
		{6F9AC1F1-6462-4359-82C2-E0E296E48A89}.Debug|Any CPU.ActiveCfg = Debug|Any CPU
		{6F9AC1F1-6462-4359-82C2-E0E296E48A89}.Debug|Any CPU.Build.0 = Debug|Any CPU
		{6F9AC1F1-6462-4359-82C2-E0E296E48A89}.Debug|x64.ActiveCfg = Debug|Any CPU
		{6F9AC1F1-6462-4359-82C2-E0E296E48A89}.Debug|x64.Build.0 = Debug|Any CPU
		{6F9AC1F1-6462-4359-82C2-E0E296E48A89}.Debug|x86.ActiveCfg = Debug|Any CPU
		{6F9AC1F1-6462-4359-82C2-E0E296E48A89}.Debug|x86.Build.0 = Debug|Any CPU
		{6F9AC1F1-6462-4359-82C2-E0E296E48A89}.Release|Any CPU.ActiveCfg = Release|Any CPU
		{6F9AC1F1-6462-4359-82C2-E0E296E48A89}.Release|Any CPU.Build.0 = Release|Any CPU
		{6F9AC1F1-6462-4359-82C2-E0E296E48A89}.Release|x64.ActiveCfg = Release|Any CPU
		{6F9AC1F1-6462-4359-82C2-E0E296E48A89}.Release|x64.Build.0 = Release|Any CPU
		{6F9AC1F1-6462-4359-82C2-E0E296E48A89}.Release|x86.ActiveCfg = Release|Any CPU
		{6F9AC1F1-6462-4359-82C2-E0E296E48A89}.Release|x86.Build.0 = Release|Any CPU
		{75AD777D-A0DB-4C9B-854E-D384A54FB290}.Debug|Any CPU.ActiveCfg = Debug|Any CPU
		{75AD777D-A0DB-4C9B-854E-D384A54FB290}.Debug|Any CPU.Build.0 = Debug|Any CPU
		{75AD777D-A0DB-4C9B-854E-D384A54FB290}.Debug|x64.ActiveCfg = Debug|Any CPU
		{75AD777D-A0DB-4C9B-854E-D384A54FB290}.Debug|x64.Build.0 = Debug|Any CPU
		{75AD777D-A0DB-4C9B-854E-D384A54FB290}.Debug|x86.ActiveCfg = Debug|Any CPU
		{75AD777D-A0DB-4C9B-854E-D384A54FB290}.Debug|x86.Build.0 = Debug|Any CPU
		{75AD777D-A0DB-4C9B-854E-D384A54FB290}.Release|Any CPU.ActiveCfg = Release|Any CPU
		{75AD777D-A0DB-4C9B-854E-D384A54FB290}.Release|Any CPU.Build.0 = Release|Any CPU
		{75AD777D-A0DB-4C9B-854E-D384A54FB290}.Release|x64.ActiveCfg = Release|Any CPU
		{75AD777D-A0DB-4C9B-854E-D384A54FB290}.Release|x64.Build.0 = Release|Any CPU
		{75AD777D-A0DB-4C9B-854E-D384A54FB290}.Release|x86.ActiveCfg = Release|Any CPU
		{75AD777D-A0DB-4C9B-854E-D384A54FB290}.Release|x86.Build.0 = Release|Any CPU
	EndGlobalSection
	GlobalSection(SolutionProperties) = preSolution
		HideSolutionNode = FALSE
	EndGlobalSection
EndGlobal
